PODS:
  - BBBadgeBarButtonItem (1.0)
  - HPGrowingTextView (1.1)
  - JSONModel (1.0.1)
  - SDWebImage (3.7.1):
    - SDWebImage/Core
  - SDWebImage/Core (3.7.1)
  - UIActionSheet+Blocks (0.8.1)

DEPENDENCIES:
  - BBBadgeBarButtonItem
  - HPGrowingTextView
  - JSONModel
  - SDWebImage
  - UIActionSheet+Blocks

SPEC CHECKSUMS:
  BBBadgeBarButtonItem: 9fd6089e0694ee1e9dfb96fb66fbcb4bfa22f3ee
  HPGrowingTextView: 07d5ab1f1e867acfb7a6f498b819948c9e97d07c
  JSONModel: 634100aaacbd89811bc8a03da209356e5989c569
  SDWebImage: 116e88633b5b416ea0ca4b334a4ac59cf72dd38d
  UIActionSheet+Blocks: c8b9c02f3d08964e8f7a4202f004a639c15eab80

COCOAPODS: 0.33.1
